<Solution>
  <Project Path="LabResource.Application.UnitTests/LabResource.Application.UnitTests.csproj" Id="a30fff26-8b54-4c19-a282-e4ffa1f59a77" />
  <Project Path="LabResource.Application/LabResource.Application.csproj" Id="2c30097e-a4b0-4908-93e4-2a78a8c9c30a" />
  <Project Path="LabResource.CleanArchitectureAPI/LabResource.CleanApi.csproj" Id="d0c8d1e2-f3a4-4b5c-9d6e-7f8a9b0c1d2e" />
  <Project Path="LabResource.Infrastructure/LabResource.Infrastructure.csproj" Id="7e7436d6-bf79-4edc-a47d-f12a9edbc970" />
  <Project Path="LabResourceDomain/LabResource.Domain.csproj" Id="6e5ac5fa-1fb3-4ae7-b649-6b77ee40bfd1" />
</Solution>